
Microsoft Visual Studio Solution File, Format Version 12.00
# Visual Studio Version 17
VisualStudioVersion = 17.8.34511.84
MinimumVisualStudioVersion = 10.0.40219.1
Project("{9A19103F-16F7-4668-BE54-9A1E7A4F7556}") = "lab10Visual", "lab10Visual.csproj", "{972F06C0-EFBD-4396-ACC3-33D20F836555}"
EndProject
Project("{9A19103F-16F7-4668-BE54-9A1E7A4F7556}") = "lab10Visual.Desktop", "..\lab10Visual.Desktop\lab10Visual.Desktop.csproj", "{816D2206-49C0-4461-93B3-C529D479464E}"
EndProject
Global
	GlobalSection(SolutionConfigurationPlatforms) = preSolution
		Debug|Any CPU = Debug|Any CPU
		Release|Any CPU = Release|Any CPU
	EndGlobalSection
	GlobalSection(ProjectConfigurationPlatforms) = postSolution
		{972F06C0-EFBD-4396-ACC3-33D20F836555}.Debug|Any CPU.ActiveCfg = Debug|Any CPU
		{972F06C0-EFBD-4396-ACC3-33D20F836555}.Debug|Any CPU.Build.0 = Debug|Any CPU
		{972F06C0-EFBD-4396-ACC3-33D20F836555}.Release|Any CPU.ActiveCfg = Release|Any CPU
		{972F06C0-EFBD-4396-ACC3-33D20F836555}.Release|Any CPU.Build.0 = Release|Any CPU
		{816D2206-49C0-4461-93B3-C529D479464E}.Debug|Any CPU.ActiveCfg = Debug|Any CPU
		{816D2206-49C0-4461-93B3-C529D479464E}.Debug|Any CPU.Build.0 = Debug|Any CPU
		{816D2206-49C0-4461-93B3-C529D479464E}.Release|Any CPU.ActiveCfg = Release|Any CPU
		{816D2206-49C0-4461-93B3-C529D479464E}.Release|Any CPU.Build.0 = Release|Any CPU
	EndGlobalSection
	GlobalSection(SolutionProperties) = preSolution
		HideSolutionNode = FALSE
	EndGlobalSection
	GlobalSection(ExtensibilityGlobals) = postSolution
		SolutionGuid = {514E001A-B38B-4A5F-B174-38AAC41B11A5}
	EndGlobalSection
EndGlobal
